
Microsoft Visual Studio Solution File, Format Version 12.00
# Visual Studio 14
VisualStudioVersion = 14.0.25420.1
MinimumVisualStudioVersion = 10.0.40219.1
Project("{8BC9CEB8-8B4A-11D0-8D11-00A0C91BC942}") = "FSM_rocket", "FSM_rocket\FSM_rocket.vcxproj", "{83941089-C0F0-4AD2-AE22-9F420BFC4B49}"
EndProject
Global
	GlobalSection(SolutionConfigurationPlatforms) = preSolution
		Debug|x64 = Debug|x64
		Debug|x86 = Debug|x86
		Release|x64 = Release|x64
		Release|x86 = Release|x86
	EndGlobalSection
	GlobalSection(ProjectConfigurationPlatforms) = postSolution
		{83941089-C0F0-4AD2-AE22-9F420BFC4B49}.Debug|x64.ActiveCfg = Debug|x64
		{83941089-C0F0-4AD2-AE22-9F420BFC4B49}.Debug|x64.Build.0 = Debug|x64
		{83941089-C0F0-4AD2-AE22-9F420BFC4B49}.Debug|x86.ActiveCfg = Debug|Win32
		{83941089-C0F0-4AD2-AE22-9F420BFC4B49}.Debug|x86.Build.0 = Debug|Win32
		{83941089-C0F0-4AD2-AE22-9F420BFC4B49}.Release|x64.ActiveCfg = Release|x64
		{83941089-C0F0-4AD2-AE22-9F420BFC4B49}.Release|x64.Build.0 = Release|x64
		{83941089-C0F0-4AD2-AE22-9F420BFC4B49}.Release|x86.ActiveCfg = Release|Win32
		{83941089-C0F0-4AD2-AE22-9F420BFC4B49}.Release|x86.Build.0 = Release|Win32
	EndGlobalSection
	GlobalSection(SolutionProperties) = preSolution
		HideSolutionNode = FALSE
	EndGlobalSection
EndGlobal
