<?xml version="1.0" encoding="utf-8"?>
<Project ToolsVersion="4.0" xmlns="http://schemas.microsoft.com/developer/msbuild/2003">
  <ItemGroup>
    <Filter Include="Source Files">
      <UniqueIdentifier>{4FC737F1-C7A5-4376-A066-2A32D752A2FF}</UniqueIdentifier>
      <Extensions>cpp;c;cc;cxx;def;odl;idl;hpj;bat;asm;asmx</Extensions>
    </Filter>
    <Filter Include="Header Files">
      <UniqueIdentifier>{93995380-89BD-4b04-88EB-625FBE52EBFB}</UniqueIdentifier>
      <Extensions>h;hh;hpp;hxx;hm;inl;inc;xsd</Extensions>
    </Filter>
    <Filter Include="Resource Files">
      <UniqueIdentifier>{67DA6AB6-F800-4c08-8B7A-83BB121AAD01}</UniqueIdentifier>
      <Extensions>rc;ico;cur;bmp;dlg;rc2;rct;bin;rgs;gif;jpg;jpeg;jpe;resx;tiff;tif;png;wav;mfcribbon-ms</Extensions>
    </Filter>
  </ItemGroup>
  <ItemGroup>
    <ClInclude Include="idle_state.h">
      <Filter>Header Files</Filter>
    </ClInclude>
    <ClInclude Include="states.h">
      <Filter>Header Files</Filter>
    </ClInclude>
    <ClInclude Include="armed_state.h">
      <Filter>Header Files</Filter>
    </ClInclude>
    <ClInclude Include="transitions.h">
      <Filter>Header Files</Filter>
    </ClInclude>
    <ClInclude Include="liftoff_state.h">
      <Filter>Header Files</Filter>
    </ClInclude>
    <ClInclude Include="burnout_state.h">
      <Filter>Header Files</Filter>
    </ClInclude>
    <ClInclude Include="airbrakes_state.h">
      <Filter>Header Files</Filter>
    </ClInclude>
    <ClInclude Include="apogee_state.h">
      <Filter>Header Files</Filter>
    </ClInclude>
    <ClInclude Include="landed_state.h">
      <Filter>Header Files</Filter>
    </ClInclude>
    <ClInclude Include="print_FSM.h">
      <Filter>Header Files</Filter>
    </ClInclude>
    <ClInclude Include="drogue_state.h">
      <Filter>Header Files</Filter>
    </ClInclude>
    <ClInclude Include="chute_state.h">
      <Filter>Header Files</Filter>
    </ClInclude>
  </ItemGroup>
  <ItemGroup>
    <ClCompile Include="FSM.cpp">
      <Filter>Source Files</Filter>
    </ClCompile>
    <ClCompile Include="idle_state.cpp">
      <Filter>Source Files</Filter>
    </ClCompile>
    <ClCompile Include="armed_state.cpp">
      <Filter>Source Files</Filter>
    </ClCompile>
    <ClCompile Include="transitions.cpp">
      <Filter>Source Files</Filter>
    </ClCompile>
    <ClCompile Include="liftoff_state.cpp">
      <Filter>Source Files</Filter>
    </ClCompile>
    <ClCompile Include="burnout_state.cpp">
      <Filter>Source Files</Filter>
    </ClCompile>
    <ClCompile Include="airbrakes_state.cpp">
      <Filter>Source Files</Filter>
    </ClCompile>
    <ClCompile Include="apogee_state.cpp">
      <Filter>Source Files</Filter>
    </ClCompile>
    <ClCompile Include="landed_state.cpp">
      <Filter>Source Files</Filter>
    </ClCompile>
    <ClCompile Include="print_FSM.cpp">
      <Filter>Source Files</Filter>
    </ClCompile>
    <ClCompile Include="drogue_state.cpp">
      <Filter>Source Files</Filter>
    </ClCompile>
    <ClCompile Include="chute_state.cpp">
      <Filter>Source Files</Filter>
    </ClCompile>
  </ItemGroup>
</Project>